
Microsoft Visual Studio Solution File, Format Version 12.00
# Visual Studio Version 16
VisualStudioVersion = 16.0.30002.166
MinimumVisualStudioVersion = 10.0.40219.1
Project("{FAE04EC0-301F-11D3-BF4B-00C04F79EFBC}") = "TaskList", "TaskList.csproj", "{B9D0F787-A0BF-4605-9972-14DAD9A14164}"
EndProject
Global
	GlobalSection(SolutionConfigurationPlatforms) = preSolution
		Debug|Any CPU = Debug|Any CPU
		Release|Any CPU = Release|Any CPU
	EndGlobalSection
	GlobalSection(ProjectConfigurationPlatforms) = postSolution
		{B9D0F787-A0BF-4605-9972-14DAD9A14164}.Debug|Any CPU.ActiveCfg = Debug|Any CPU
		{B9D0F787-A0BF-4605-9972-14DAD9A14164}.Debug|Any CPU.Build.0 = Debug|Any CPU
		{B9D0F787-A0BF-4605-9972-14DAD9A14164}.Release|Any CPU.ActiveCfg = Release|Any CPU
		{B9D0F787-A0BF-4605-9972-14DAD9A14164}.Release|Any CPU.Build.0 = Release|Any CPU
	EndGlobalSection
	GlobalSection(SolutionProperties) = preSolution
		HideSolutionNode = FALSE
	EndGlobalSection
	GlobalSection(ExtensibilityGlobals) = postSolution
		SolutionGuid = {F4872803-B161-41CD-A3D9-D22365EB5BE8}
	EndGlobalSection
EndGlobal
